
Microsoft Visual Studio Solution File, Format Version 12.00
# Visual Studio 15
VisualStudioVersion = 15.0.34031.82
MinimumVisualStudioVersion = 10.0.40219.1
Project("{FAE04EC0-301F-11D3-BF4B-00C04F79EFBC}") = "RunPortable", "RunPortable\RunPortable.csproj", "{3C66657E-AFB4-4F8A-8F38-58BF79BFF4CE}"
EndProject
Project("{54435603-DBB4-11D2-8724-00A0C9A8B90C}") = "RP-Setup", "RP-Setup\Setup.vdproj", "{0AC47EEA-60CB-42D1-9F35-EB8037A60124}"
EndProject
Global
	GlobalSection(SolutionConfigurationPlatforms) = preSolution
		Debug|Any CPU = Debug|Any CPU
		Release|Any CPU = Release|Any CPU
	EndGlobalSection
	GlobalSection(ProjectConfigurationPlatforms) = postSolution
		{3C66657E-AFB4-4F8A-8F38-58BF79BFF4CE}.Debug|Any CPU.ActiveCfg = Debug|Any CPU
		{3C66657E-AFB4-4F8A-8F38-58BF79BFF4CE}.Debug|Any CPU.Build.0 = Debug|Any CPU
		{3C66657E-AFB4-4F8A-8F38-58BF79BFF4CE}.Release|Any CPU.ActiveCfg = Release|Any CPU
		{3C66657E-AFB4-4F8A-8F38-58BF79BFF4CE}.Release|Any CPU.Build.0 = Release|Any CPU
		{0AC47EEA-60CB-42D1-9F35-EB8037A60124}.Debug|Any CPU.ActiveCfg = Debug
		{0AC47EEA-60CB-42D1-9F35-EB8037A60124}.Release|Any CPU.ActiveCfg = Release
	EndGlobalSection
	GlobalSection(SolutionProperties) = preSolution
		HideSolutionNode = FALSE
	EndGlobalSection
	GlobalSection(ExtensibilityGlobals) = postSolution
		SolutionGuid = {DEF57203-2AC7-430A-810B-82565C12EFC6}
	EndGlobalSection
EndGlobal
